{
  "name": "sandcheck",
  "version": "0.0.0",
  "lockfileVersion": 3,
  "requires": true,
  "packages": {
    "": {
      "name": "sandcheck",
      "version": "0.0.0",
      "license": "ISC",
      "devDependencies": {
        "@codesandbox/sandpack-react": "2.8.0",
        "react": "18.2.0",
        "react-dom": "18.2.0"
      }
    },
    "node_modules/@codemirror/autocomplete": {
      "version": "6.18.4",
      "resolved": "https://pkgs.dev.azure.com/INGCDaaS/IngOne/_packaging/central-npm-feed/npm/registry/@codemirror/autocomplete/-/autocomplete-6.18.4.tgz",
      "integrity": "sha1-Q5T1XWdxcnF58uKKhx70a7vrEbE=",
      "dev": true,
      "license": "MIT",
      "dependencies": {
        "@codemirror/language": "^6.0.0",
        "@codemirror/state": "^6.0.0",
        "@codemirror/view": "^6.17.0",
        "@lezer/common": "^1.0.0"
      }
    },
    "node_modules/@codemirror/commands": {
      "version": "6.7.1",
      "resolved": "https://pkgs.dev.azure.com/INGCDaaS/IngOne/_packaging/central-npm-feed/npm/registry/@codemirror/commands/-/commands-6.7.1.tgz",
      "integrity": "sha1-BFYelbwHeeqknv1j6RbE77O79tY=",
      "dev": true,
      "license": "MIT",
      "dependencies": {
        "@codemirror/language": "^6.0.0",
        "@codemirror/state": "^6.4.0",
        "@codemirror/view": "^6.27.0",
        "@lezer/common": "^1.1.0"
      }
    },
    "node_modules/@codemirror/lang-css": {
      "version": "6.3.1",
      "resolved": "https://pkgs.dev.azure.com/INGCDaaS/IngOne/_packaging/central-npm-feed/npm/registry/@codemirror/lang-css/-/lang-css-6.3.1.tgz",
      "integrity": "sha1-djykGu6BuyQxvlXjz8x8yOkUIaM=",
      "dev": true,
      "license": "MIT",
      "dependencies": {
        "@codemirror/autocomplete": "^6.0.0",
        "@codemirror/language": "^6.0.0",
        "@codemirror/state": "^6.0.0",
        "@lezer/common": "^1.0.2",
        "@lezer/css": "^1.1.7"
      }
    },
    "node_modules/@codemirror/lang-html": {
      "version": "6.4.9",
      "resolved": "https://pkgs.dev.azure.com/INGCDaaS/IngOne/_packaging/central-npm-feed/npm/registry/@codemirror/lang-html/-/lang-html-6.4.9.tgz",
      "integrity": "sha1-1YbyzJw0E5GuB9HXxUWZDfoGlyc=",
      "dev": true,
      "license": "MIT",
      "dependencies": {
        "@codemirror/autocomplete": "^6.0.0",
        "@codemirror/lang-css": "^6.0.0",
        "@codemirror/lang-javascript": "^6.0.0",
        "@codemirror/language": "^6.4.0",
        "@codemirror/state": "^6.0.0",
        "@codemirror/view": "^6.17.0",
        "@lezer/common": "^1.0.0",
        "@lezer/css": "^1.1.0",
        "@lezer/html": "^1.3.0"
      }
    },
    "node_modules/@codemirror/lang-javascript": {
      "version": "6.2.2",
      "resolved": "https://pkgs.dev.azure.com/INGCDaaS/IngOne/_packaging/central-npm-feed/npm/registry/@codemirror/lang-javascript/-/lang-javascript-6.2.2.tgz",
      "integrity": "sha1-cUEJCyKZS++FvMVgijvBJX8tsq0=",
      "dev": true,
      "license": "MIT",
      "dependencies": {
        "@codemirror/autocomplete": "^6.0.0",
        "@codemirror/language": "^6.6.0",
        "@codemirror/lint": "^6.0.0",
        "@codemirror/state": "^6.0.0",
        "@codemirror/view": "^6.17.0",
        "@lezer/common": "^1.0.0",
        "@lezer/javascript": "^1.0.0"
      }
    },
    "node_modules/@codemirror/language": {
      "version": "6.10.7",
      "resolved": "https://pkgs.dev.azure.com/INGCDaaS/IngOne/_packaging/central-npm-feed/npm/registry/@codemirror/language/-/language-6.10.7.tgz",
      "integrity": "sha1-QVuju5g0FtqpgITAEPTbWdtFkg4=",
      "dev": true,
      "license": "MIT",
      "dependencies": {
        "@codemirror/state": "^6.0.0",
        "@codemirror/view": "^6.23.0",
        "@lezer/common": "^1.1.0",
        "@lezer/highlight": "^1.0.0",
        "@lezer/lr": "^1.0.0",
        "style-mod": "^4.0.0"
      }
    },
    "node_modules/@codemirror/lint": {
      "version": "6.8.4",
      "resolved": "https://pkgs.dev.azure.com/INGCDaaS/IngOne/_packaging/central-npm-feed/npm/registry/@codemirror/lint/-/lint-6.8.4.tgz",
      "integrity": "sha1-fYql0abeyJ/8wjrUXdyi4S6QmC0=",
      "dev": true,
      "license": "MIT",
      "dependencies": {
        "@codemirror/state": "^6.0.0",
        "@codemirror/view": "^6.35.0",
        "crelt": "^1.0.5"
      }
    },
    "node_modules/@codemirror/state": {
      "version": "6.5.0",
      "resolved": "https://pkgs.dev.azure.com/INGCDaaS/IngOne/_packaging/central-npm-feed/npm/registry/@codemirror/state/-/state-6.5.0.tgz",
      "integrity": "sha1-6Y3ehWIGGGUVQxUv4cJIMwCgzMk=",
      "dev": true,
      "license": "MIT",
      "dependencies": {
        "@marijn/find-cluster-break": "^1.0.0"
      }
    },
    "node_modules/@codemirror/view": {
      "version": "6.36.1",
      "resolved": "https://pkgs.dev.azure.com/INGCDaaS/IngOne/_packaging/central-npm-feed/npm/registry/@codemirror/view/-/view-6.36.1.tgz",
      "integrity": "sha1-PFQ7j9cslrMMSysUZNHrzn4MXEs=",
      "dev": true,
      "license": "MIT",
      "dependencies": {
        "@codemirror/state": "^6.5.0",
        "style-mod": "^4.1.0",
        "w3c-keyname": "^2.2.4"
      }
    },
    "node_modules/@codesandbox/nodebox": {
      "version": "0.1.8",
      "resolved": "https://pkgs.dev.azure.com/INGCDaaS/IngOne/_packaging/central-npm-feed/npm/registry/@codesandbox/nodebox/-/nodebox-0.1.8.tgz",
      "integrity": "sha1-LccBAFzt76w4bxemmkyaTzjCMl0=",
      "dev": true,
      "license": "SEE LICENSE IN ./LICENSE",
      "dependencies": {
        "outvariant": "^1.4.0",
        "strict-event-emitter": "^0.4.3"
      }
    },
    "node_modules/@codesandbox/sandpack-client": {
      "version": "2.19.8",
      "resolved": "https://pkgs.dev.azure.com/INGCDaaS/IngOne/_packaging/central-npm-feed/npm/registry/@codesandbox/sandpack-client/-/sandpack-client-2.19.8.tgz",
      "integrity": "sha1-Rfk2F5qo4BLxEoXd2DCRHmJgoPc=",
      "dev": true,
      "license": "Apache-2.0",
      "dependencies": {
        "@codesandbox/nodebox": "0.1.8",
        "buffer": "^6.0.3",
        "dequal": "^2.0.2",
        "mime-db": "^1.52.0",
        "outvariant": "1.4.0",
        "static-browser-server": "1.0.3"
      }
    },
    "node_modules/@codesandbox/sandpack-react": {
      "version": "2.8.0",
      "resolved": "https://pkgs.dev.azure.com/INGCDaaS/IngOne/_packaging/central-npm-feed/npm/registry/@codesandbox/sandpack-react/-/sandpack-react-2.8.0.tgz",
      "integrity": "sha1-7PS/DCtZdexsvG0Aa5EFx1P3MkU=",
      "dev": true,
      "license": "Apache-2.0",
      "dependencies": {
        "@codemirror/autocomplete": "^6.4.0",
        "@codemirror/commands": "^6.1.3",
        "@codemirror/lang-css": "^6.0.1",
        "@codemirror/lang-html": "^6.4.0",
        "@codemirror/lang-javascript": "^6.1.2",
        "@codemirror/language": "^6.3.2",
        "@codemirror/state": "^6.2.0",
        "@codemirror/view": "^6.7.1",
        "@codesandbox/sandpack-client": "^2.7.1",
        "@lezer/highlight": "^1.1.3",
        "@react-hook/intersection-observer": "^3.1.1",
        "@stitches/core": "^1.2.6",
        "anser": "^2.1.1",
        "clean-set": "^1.1.2",
        "codesandbox-import-util-types": "^2.2.3",
        "dequal": "^2.0.2",
        "escape-carriage": "^1.3.1",
        "lz-string": "^1.4.4",
        "react-devtools-inline": "4.4.0",
        "react-is": "^17.0.2"
      },
      "peerDependencies": {
        "react": "^16.8.0 || ^17 || ^18",
        "react-dom": "^16.8.0 || ^17 || ^18"
      }
    },
    "node_modules/@lezer/common": {
      "version": "1.2.3",
      "resolved": "https://pkgs.dev.azure.com/INGCDaaS/IngOne/_packaging/central-npm-feed/npm/registry/@lezer/common/-/common-1.2.3.tgz",
      "integrity": "sha1-E4/N2rFX2D2lV1VIUQF8bB5WZ/0=",
      "dev": true,
      "license": "MIT"
    },
    "node_modules/@lezer/css": {
      "version": "1.1.9",
      "resolved": "https://pkgs.dev.azure.com/INGCDaaS/IngOne/_packaging/central-npm-feed/npm/registry/@lezer/css/-/css-1.1.9.tgz",
      "integrity": "sha1-QEVj02FCLFof6RcpXxUn7pSEXtE=",
      "dev": true,
      "license": "MIT",
      "dependencies": {
        "@lezer/common": "^1.2.0",
        "@lezer/highlight": "^1.0.0",
        "@lezer/lr": "^1.0.0"
      }
    },
    "node_modules/@lezer/highlight": {
      "version": "1.2.1",
      "resolved": "https://pkgs.dev.azure.com/INGCDaaS/IngOne/_packaging/central-npm-feed/npm/registry/@lezer/highlight/-/highlight-1.2.1.tgz",
      "integrity": "sha1-WW+o+a61imCL4KVj6WDDc8vyP4s=",
      "dev": true,
      "license": "MIT",
      "dependencies": {
        "@lezer/common": "^1.0.0"
      }
    },
    "node_modules/@lezer/html": {
      "version": "1.3.10",
      "resolved": "https://pkgs.dev.azure.com/INGCDaaS/IngOne/_packaging/central-npm-feed/npm/registry/@lezer/html/-/html-1.3.10.tgz",
      "integrity": "sha1-G+mgKab+g1yCOyCpikSaYwQWsq8=",
      "dev": true,
      "license": "MIT",
      "dependencies": {
        "@lezer/common": "^1.2.0",
        "@lezer/highlight": "^1.0.0",
        "@lezer/lr": "^1.0.0"
      }
    },
    "node_modules/@lezer/javascript": {
      "version": "1.4.21",
      "resolved": "https://pkgs.dev.azure.com/INGCDaaS/IngOne/_packaging/central-npm-feed/npm/registry/@lezer/javascript/-/javascript-1.4.21.tgz",
      "integrity": "sha1-jr99H4kccOPQCGT1oDrELHXRlJI=",
      "dev": true,
      "license": "MIT",
      "dependencies": {
        "@lezer/common": "^1.2.0",
        "@lezer/highlight": "^1.1.3",
        "@lezer/lr": "^1.3.0"
      }
    },
    "node_modules/@lezer/lr": {
      "version": "1.4.2",
      "resolved": "https://pkgs.dev.azure.com/INGCDaaS/IngOne/_packaging/central-npm-feed/npm/registry/@lezer/lr/-/lr-1.4.2.tgz",
      "integrity": "sha1-kx6j3qjp3oTpB4EAHa4w3qn/Fyc=",
      "dev": true,
      "license": "MIT",
      "dependencies": {
        "@lezer/common": "^1.0.0"
      }
    },
    "node_modules/@marijn/find-cluster-break": {
      "version": "1.0.2",
      "resolved": "https://pkgs.dev.azure.com/INGCDaaS/IngOne/_packaging/central-npm-feed/npm/registry/@marijn/find-cluster-break/-/find-cluster-break-1.0.2.tgz",
      "integrity": "sha1-d1N0MGEW1RwMUAuMT6zg+aBHUtg=",
      "dev": true,
      "license": "MIT"
    },
    "node_modules/@open-draft/deferred-promise": {
      "version": "2.2.0",
      "resolved": "https://pkgs.dev.azure.com/INGCDaaS/IngOne/_packaging/central-npm-feed/npm/registry/@open-draft/deferred-promise/-/deferred-promise-2.2.0.tgz",
      "integrity": "sha1-SoItEPbw4xa+TWe01PjJoSSwc70=",
      "dev": true,
      "license": "MIT"
    },
    "node_modules/@react-hook/intersection-observer": {
      "version": "3.1.2",
      "resolved": "https://pkgs.dev.azure.com/INGCDaaS/IngOne/_packaging/central-npm-feed/npm/registry/@react-hook/intersection-observer/-/intersection-observer-3.1.2.tgz",
      "integrity": "sha1-9vDkJYjgPEr+rAJ2iJ2Xkn1n7cc=",
      "dev": true,
      "license": "MIT",
      "dependencies": {
        "@react-hook/passive-layout-effect": "^1.2.0",
        "intersection-observer": "^0.10.0"
      },
      "peerDependencies": {
        "react": ">=16.8"
      }
    },
    "node_modules/@react-hook/passive-layout-effect": {
      "version": "1.2.1",
      "resolved": "https://pkgs.dev.azure.com/INGCDaaS/IngOne/_packaging/central-npm-feed/npm/registry/@react-hook/passive-layout-effect/-/passive-layout-effect-1.2.1.tgz",
      "integrity": "sha1-wG2sLQEfNtYSWaocbfTw1eKLxV4=",
      "dev": true,
      "license": "MIT",
      "peerDependencies": {
        "react": ">=16.8"
      }
    },
    "node_modules/@stitches/core": {
      "version": "1.2.8",
      "resolved": "https://pkgs.dev.azure.com/INGCDaaS/IngOne/_packaging/central-npm-feed/npm/registry/@stitches/core/-/core-1.2.8.tgz",
      "integrity": "sha1-3OO4/cdk+8bb6jDIO3O/tSz5YXM=",
      "dev": true,
      "license": "MIT"
    },
    "node_modules/anser": {
      "version": "2.3.0",
      "resolved": "https://pkgs.dev.azure.com/INGCDaaS/IngOne/_packaging/central-npm-feed/npm/registry/anser/-/anser-2.3.0.tgz",
      "integrity": "sha1-mzDIz/6GTmRu69bNV4umfy3+iy4=",
      "dev": true,
      "license": "MIT"
    },
    "node_modules/base64-js": {
      "version": "1.5.1",
      "resolved": "https://pkgs.dev.azure.com/INGCDaaS/IngOne/_packaging/central-npm-feed/npm/registry/base64-js/-/base64-js-1.5.1.tgz",
      "integrity": "sha1-GxtEAWClv3rUC2UPCVljSBkDkwo=",
      "dev": true,
      "funding": [
        {
          "type": "github",
          "url": "https://github.com/sponsors/feross"
        },
        {
          "type": "patreon",
          "url": "https://www.patreon.com/feross"
        },
        {
          "type": "consulting",
          "url": "https://feross.org/support"
        }
      ],
      "license": "MIT"
    },
    "node_modules/buffer": {
      "version": "6.0.3",
      "resolved": "https://pkgs.dev.azure.com/INGCDaaS/IngOne/_packaging/central-npm-feed/npm/registry/buffer/-/buffer-6.0.3.tgz",
      "integrity": "sha1-Ks5XhFnMj74qcKqo9S7mO2p0xsY=",
      "dev": true,
      "funding": [
        {
          "type": "github",
          "url": "https://github.com/sponsors/feross"
        },
        {
          "type": "patreon",
          "url": "https://www.patreon.com/feross"
        },
        {
          "type": "consulting",
          "url": "https://feross.org/support"
        }
      ],
      "license": "MIT",
      "dependencies": {
        "base64-js": "^1.3.1",
        "ieee754": "^1.2.1"
      }
    },
    "node_modules/clean-set": {
      "version": "1.1.2",
      "resolved": "https://pkgs.dev.azure.com/INGCDaaS/IngOne/_packaging/central-npm-feed/npm/registry/clean-set/-/clean-set-1.1.2.tgz",
      "integrity": "sha1-dti/I4w+J4J7+nMHPs39x2cYcHA=",
      "dev": true,
      "license": "MIT"
    },
    "node_modules/codesandbox-import-util-types": {
      "version": "2.2.3",
      "resolved": "https://pkgs.dev.azure.com/INGCDaaS/IngOne/_packaging/central-npm-feed/npm/registry/codesandbox-import-util-types/-/codesandbox-import-util-types-2.2.3.tgz",
      "integrity": "sha1-s1Sy9zKtEw4Rnr2erTvaO+WYGlQ=",
      "dev": true
    },
    "node_modules/crelt": {
      "version": "1.0.6",
      "resolved": "https://pkgs.dev.azure.com/INGCDaaS/IngOne/_packaging/central-npm-feed/npm/registry/crelt/-/crelt-1.0.6.tgz",
      "integrity": "sha1-fMiY6nThkPtu+drlf4+Bz3MC33I=",
      "dev": true,
      "license": "MIT"
    },
    "node_modules/d": {
      "version": "1.0.2",
      "resolved": "https://pkgs.dev.azure.com/INGCDaaS/IngOne/_packaging/central-npm-feed/npm/registry/d/-/d-1.0.2.tgz",
      "integrity": "sha1-Ku/VVLgZgefcz3LWhCrnJcsX5d4=",
      "dev": true,
      "license": "ISC",
      "dependencies": {
        "es5-ext": "^0.10.64",
        "type": "^2.7.2"
      },
      "engines": {
        "node": ">=0.12"
      }
    },
    "node_modules/dequal": {
      "version": "2.0.3",
      "resolved": "https://pkgs.dev.azure.com/INGCDaaS/IngOne/_packaging/central-npm-feed/npm/registry/dequal/-/dequal-2.0.3.tgz",
      "integrity": "sha1-JkQhTxmX057Q7g7OcjNUkKesZ74=",
      "dev": true,
      "license": "MIT",
      "engines": {
        "node": ">=6"
      }
    },
    "node_modules/dotenv": {
      "version": "16.4.7",
      "resolved": "https://pkgs.dev.azure.com/INGCDaaS/IngOne/_packaging/central-npm-feed/npm/registry/dotenv/-/dotenv-16.4.7.tgz",
      "integrity": "sha1-DiDFuClQFAqpm+NgqKX1IzX1PCY=",
      "dev": true,
      "license": "BSD-2-Clause",
      "engines": {
        "node": ">=12"
      },
      "funding": {
        "url": "https://dotenvx.com"
      }
    },
    "node_modules/es5-ext": {
      "version": "0.10.64",
      "resolved": "https://pkgs.dev.azure.com/INGCDaaS/IngOne/_packaging/central-npm-feed/npm/registry/es5-ext/-/es5-ext-0.10.64.tgz",
      "integrity": "sha1-EuT/tI8boup3fx/N0ZGO9z6iFxQ=",
      "dev": true,
      "hasInstallScript": true,
      "license": "ISC",
      "dependencies": {
        "es6-iterator": "^2.0.3",
        "es6-symbol": "^3.1.3",
        "esniff": "^2.0.1",
        "next-tick": "^1.1.0"
      },
      "engines": {
        "node": ">=0.10"
      }
    },
    "node_modules/es6-iterator": {
      "version": "2.0.3",
      "resolved": "https://pkgs.dev.azure.com/INGCDaaS/IngOne/_packaging/central-npm-feed/npm/registry/es6-iterator/-/es6-iterator-2.0.3.tgz",
      "integrity": "sha1-p96IkUGgWpSwhUQDstCg+/qY87c=",
      "dev": true,
      "license": "MIT",
      "dependencies": {
        "d": "1",
        "es5-ext": "^0.10.35",
        "es6-symbol": "^3.1.1"
      }
    },
    "node_modules/es6-symbol": {
      "version": "3.1.4",
      "resolved": "https://pkgs.dev.azure.com/INGCDaaS/IngOne/_packaging/central-npm-feed/npm/registry/es6-symbol/-/es6-symbol-3.1.4.tgz",
      "integrity": "sha1-9OfSgBN3C0II7L8+C/FNO8tVe4w=",
      "dev": true,
      "license": "ISC",
      "dependencies": {
        "d": "^1.0.2",
        "ext": "^1.7.0"
      },
      "engines": {
        "node": ">=0.12"
      }
    },
    "node_modules/escape-carriage": {
      "version": "1.3.1",
      "resolved": "https://pkgs.dev.azure.com/INGCDaaS/IngOne/_packaging/central-npm-feed/npm/registry/escape-carriage/-/escape-carriage-1.3.1.tgz",
      "integrity": "sha1-hCZY5UIkl7EjJYXlF9yBP8aoYXA=",
      "dev": true,
      "license": "MIT"
    },
    "node_modules/esniff": {
      "version": "2.0.1",
      "resolved": "https://pkgs.dev.azure.com/INGCDaaS/IngOne/_packaging/central-npm-feed/npm/registry/esniff/-/esniff-2.0.1.tgz",
      "integrity": "sha1-pNS0Olxxx+xRxRCYwdiikIH5swg=",
      "dev": true,
      "license": "ISC",
      "dependencies": {
        "d": "^1.0.1",
        "es5-ext": "^0.10.62",
        "event-emitter": "^0.3.5",
        "type": "^2.7.2"
      },
      "engines": {
        "node": ">=0.10"
      }
    },
    "node_modules/event-emitter": {
      "version": "0.3.5",
      "resolved": "https://pkgs.dev.azure.com/INGCDaaS/IngOne/_packaging/central-npm-feed/npm/registry/event-emitter/-/event-emitter-0.3.5.tgz",
      "integrity": "sha1-34xp7vFkeSPHFXuc6DhAYQsCzDk=",
      "dev": true,
      "license": "MIT",
      "dependencies": {
        "d": "1",
        "es5-ext": "~0.10.14"
      }
    },
    "node_modules/ext": {
      "version": "1.7.0",
      "resolved": "https://pkgs.dev.azure.com/INGCDaaS/IngOne/_packaging/central-npm-feed/npm/registry/ext/-/ext-1.7.0.tgz",
      "integrity": "sha1-DqQ4PAED1g5wvpnpp/EQJ6M8T18=",
      "dev": true,
      "license": "ISC",
      "dependencies": {
        "type": "^2.7.2"
      }
    },
    "node_modules/ieee754": {
      "version": "1.2.1",
      "resolved": "https://pkgs.dev.azure.com/INGCDaaS/IngOne/_packaging/central-npm-feed/npm/registry/ieee754/-/ieee754-1.2.1.tgz",
      "integrity": "sha1-jrehCmP/8l0VpXsAFYbRd9Gw01I=",
      "dev": true,
      "funding": [
        {
          "type": "github",
          "url": "https://github.com/sponsors/feross"
        },
        {
          "type": "patreon",
          "url": "https://www.patreon.com/feross"
        },
        {
          "type": "consulting",
          "url": "https://feross.org/support"
        }
      ],
      "license": "BSD-3-Clause"
    },
    "node_modules/intersection-observer": {
      "version": "0.10.0",
      "resolved": "https://pkgs.dev.azure.com/INGCDaaS/IngOne/_packaging/central-npm-feed/npm/registry/intersection-observer/-/intersection-observer-0.10.0.tgz",
      "integrity": "sha1-TRHWPB/2fiHmKYe+JNVSGNoaGmk=",
      "dev": true,
      "license": "W3C-20150513"
    },
    "node_modules/js-tokens": {
      "version": "4.0.0",
      "resolved": "https://pkgs.dev.azure.com/INGCDaaS/IngOne/_packaging/central-npm-feed/npm/registry/js-tokens/-/js-tokens-4.0.0.tgz",
      "integrity": "sha1-GSA/tZmR35jjoocFDUZHzerzJJk=",
      "dev": true,
      "license": "MIT"
    },
    "node_modules/loose-envify": {
      "version": "1.4.0",
      "resolved": "https://pkgs.dev.azure.com/INGCDaaS/IngOne/_packaging/central-npm-feed/npm/registry/loose-envify/-/loose-envify-1.4.0.tgz",
      "integrity": "sha1-ce5R+nvkyuwaY4OffmgtgTLTDK8=",
      "dev": true,
      "license": "MIT",
      "dependencies": {
        "js-tokens": "^3.0.0 || ^4.0.0"
      },
      "bin": {
        "loose-envify": "cli.js"
      }
    },
    "node_modules/lz-string": {
      "version": "1.5.0",
      "resolved": "https://pkgs.dev.azure.com/INGCDaaS/IngOne/_packaging/central-npm-feed/npm/registry/lz-string/-/lz-string-1.5.0.tgz",
      "integrity": "sha1-watQ93iHtxJiEgG6n9Tjpu0JmUE=",
      "dev": true,
      "license": "MIT",
      "bin": {
        "lz-string": "bin/bin.js"
      }
    },
    "node_modules/mime-db": {
      "version": "1.53.0",
      "resolved": "https://pkgs.dev.azure.com/INGCDaaS/IngOne/_packaging/central-npm-feed/npm/registry/mime-db/-/mime-db-1.53.0.tgz",
      "integrity": "sha1-PLY82CD8KYltnU6MMqtPzXTMtEc=",
      "dev": true,
      "license": "MIT",
      "engines": {
        "node": ">= 0.6"
      }
    },
    "node_modules/next-tick": {
      "version": "1.1.0",
      "resolved": "https://pkgs.dev.azure.com/INGCDaaS/IngOne/_packaging/central-npm-feed/npm/registry/next-tick/-/next-tick-1.1.0.tgz",
      "integrity": "sha1-GDbuMK1W1n7ygbIr0Zn3CUSbNes=",
      "dev": true,
      "license": "ISC"
    },
    "node_modules/outvariant": {
      "version": "1.4.0",
      "resolved": "https://pkgs.dev.azure.com/INGCDaaS/IngOne/_packaging/central-npm-feed/npm/registry/outvariant/-/outvariant-1.4.0.tgz",
      "integrity": "sha1-50Lkvad2kto+ymmO9b+sYtn7oG4=",
      "dev": true,
      "license": "MIT"
    },
    "node_modules/react": {
      "version": "18.2.0",
      "resolved": "https://pkgs.dev.azure.com/INGCDaaS/IngOne/_packaging/central-npm-feed/npm/registry/react/-/react-18.2.0.tgz",
      "integrity": "sha1-VVvZhZKIMlX6AN4U8RUakXtdd9U=",
      "dev": true,
      "license": "MIT",
      "dependencies": {
        "loose-envify": "^1.1.0"
      },
      "engines": {
        "node": ">=0.10.0"
      }
    },
    "node_modules/react-devtools-inline": {
      "version": "4.4.0",
      "resolved": "https://pkgs.dev.azure.com/INGCDaaS/IngOne/_packaging/central-npm-feed/npm/registry/react-devtools-inline/-/react-devtools-inline-4.4.0.tgz",
      "integrity": "sha1-4DKm6xepl3toIwb4S0bmg630v2g=",
      "dev": true,
      "license": "MIT",
      "dependencies": {
        "es6-symbol": "^3"
      }
    },
    "node_modules/react-dom": {
      "version": "18.2.0",
      "resolved": "https://pkgs.dev.azure.com/INGCDaaS/IngOne/_packaging/central-npm-feed/npm/registry/react-dom/-/react-dom-18.2.0.tgz",
      "integrity": "sha1-IqrzhwjbJnTtmtoiTKSqcI2CHj0=",
      "dev": true,
      "license": "MIT",
      "dependencies": {
        "loose-envify": "^1.1.0",
        "scheduler": "^0.23.0"
      },
      "peerDependencies": {
        "react": "^18.2.0"
      }
    },
    "node_modules/react-is": {
      "version": "17.0.2",
      "resolved": "https://pkgs.dev.azure.com/INGCDaaS/IngOne/_packaging/central-npm-feed/npm/registry/react-is/-/react-is-17.0.2.tgz",
      "integrity": "sha1-5pHUqOnHiTZWVVOas3J2Kw77VPA=",
      "dev": true,
      "license": "MIT"
    },
    "node_modules/scheduler": {
      "version": "0.23.2",
      "resolved": "https://pkgs.dev.azure.com/INGCDaaS/IngOne/_packaging/central-npm-feed/npm/registry/scheduler/-/scheduler-0.23.2.tgz",
      "integrity": "sha1-QUumSjsoKJLpRM8hCOzAeNEVzcM=",
      "dev": true,
      "license": "MIT",
      "dependencies": {
        "loose-envify": "^1.1.0"
      }
    },
    "node_modules/static-browser-server": {
      "version": "1.0.3",
      "resolved": "https://pkgs.dev.azure.com/INGCDaaS/IngOne/_packaging/central-npm-feed/npm/registry/static-browser-server/-/static-browser-server-1.0.3.tgz",
      "integrity": "sha1-kDDRQbme2SyO7Bp1Rrh1SP0Db10=",
      "dev": true,
      "license": "Apache-2.0",
      "dependencies": {
        "@open-draft/deferred-promise": "^2.1.0",
        "dotenv": "^16.0.3",
        "mime-db": "^1.52.0",
        "outvariant": "^1.3.0"
      }
    },
    "node_modules/strict-event-emitter": {
      "version": "0.4.6",
      "resolved": "https://pkgs.dev.azure.com/INGCDaaS/IngOne/_packaging/central-npm-feed/npm/registry/strict-event-emitter/-/strict-event-emitter-0.4.6.tgz",
      "integrity": "sha1-/zR8gWKz6THj/18Cz85ncsOwfrM=",
      "dev": true,
      "license": "MIT"
    },
    "node_modules/style-mod": {
      "version": "4.1.2",
      "resolved": "https://pkgs.dev.azure.com/INGCDaaS/IngOne/_packaging/central-npm-feed/npm/registry/style-mod/-/style-mod-4.1.2.tgz",
      "integrity": "sha1-yiOKGtR4ZSD3UVqFOdWmNpHXv2c=",
      "dev": true,
      "license": "MIT"
    },
    "node_modules/type": {
      "version": "2.7.3",
      "resolved": "https://pkgs.dev.azure.com/INGCDaaS/IngOne/_packaging/central-npm-feed/npm/registry/type/-/type-2.7.3.tgz",
      "integrity": "sha1-Q2mBZSEpKFzDupTzkohsJjfqBIY=",
      "dev": true,
      "license": "ISC"
    },
    "node_modules/w3c-keyname": {
      "version": "2.2.8",
      "resolved": "https://pkgs.dev.azure.com/INGCDaaS/IngOne/_packaging/central-npm-feed/npm/registry/w3c-keyname/-/w3c-keyname-2.2.8.tgz",
      "integrity": "sha1-exfIxog9TouGrIq6edOeiA+IacU=",
      "dev": true,
      "license": "MIT"
    }
  }
}
