{
  "name": "@lion/progress-indicator",
  "version": "0.1.0",
  "lockfileVersion": 1,
  "requires": true,
  "dependencies": {
    "@lion/core": {
      "version": "0.8.0",
      "resolved": "https://artifactory.ing.net:443/artifactory/api/npm/releases_npm_all/@lion/core/-/core-0.8.0.tgz",
      "integrity": "sha1-bgbLsTT3oNaAFhQhFB8MDugT90k=",
      "requires": {
        "@open-wc/dedupe-mixin": "^1.2.18",
        "@open-wc/scoped-elements": "^1.0.3",
        "lit-element": "^2.2.1",
        "lit-html": "^1.0.0"
      }
    },
    "@open-wc/dedupe-mixin": {
      "version": "1.2.18",
      "resolved": "https://artifactory.ing.net:443/artifactory/api/npm/releases_npm_all/@open-wc/dedupe-mixin/-/dedupe-mixin-1.2.18.tgz",
      "integrity": "sha1-KoZnL7NVj+Ki4cVYfbqgtIVWfvE="
    },
    "@open-wc/scoped-elements": {
      "version": "1.1.2",
      "resolved": "https://artifactory.ing.net:443/artifactory/api/npm/releases_npm_all/@open-wc/scoped-elements/-/scoped-elements-1.1.2.tgz",
      "integrity": "sha1-HNz1J2lDfYJFIn0x+qztjC/Y/uA=",
      "requires": {
        "@open-wc/dedupe-mixin": "^1.2.18",
        "lit-html": "^1.0.0"
      }
    },
    "lit-element": {
      "version": "2.3.1",
      "resolved": "https://artifactory.ing.net:443/artifactory/api/npm/releases_npm_all/lit-element/-/lit-element-2.3.1.tgz",
      "integrity": "sha1-czQ7l4+h5z1gUmxrtq1g9ToWw0M=",
      "requires": {
        "lit-html": "^1.1.1"
      }
    },
    "lit-html": {
      "version": "1.2.1",
      "resolved": "https://artifactory.ing.net:443/artifactory/api/npm/releases_npm_all/lit-html/-/lit-html-1.2.1.tgz",
      "integrity": "sha1-H7kz3B4t3AlfYLgIYnfU/NnWLMg="
    }
  }
}
